
Microsoft Visual Studio Solution File, Format Version 12.00
# Visual Studio Version 16
VisualStudioVersion = 16.0.29306.81
MinimumVisualStudioVersion = 10.0.40219.1
Project("{FAE04EC0-301F-11D3-BF4B-00C04F79EFBC}") = "UP1", "UP1\UP1.csproj", "{872FF692-A7FC-4DD2-9085-5FA8311FDAE1}"
EndProject
Global
	GlobalSection(SolutionConfigurationPlatforms) = preSolution
		Debug|Any CPU = Debug|Any CPU
		Release|Any CPU = Release|Any CPU
	EndGlobalSection
	GlobalSection(ProjectConfigurationPlatforms) = postSolution
		{872FF692-A7FC-4DD2-9085-5FA8311FDAE1}.Debug|Any CPU.ActiveCfg = Debug|Any CPU
		{872FF692-A7FC-4DD2-9085-5FA8311FDAE1}.Debug|Any CPU.Build.0 = Debug|Any CPU
		{872FF692-A7FC-4DD2-9085-5FA8311FDAE1}.Release|Any CPU.ActiveCfg = Release|Any CPU
		{872FF692-A7FC-4DD2-9085-5FA8311FDAE1}.Release|Any CPU.Build.0 = Release|Any CPU
	EndGlobalSection
	GlobalSection(SolutionProperties) = preSolution
		HideSolutionNode = FALSE
	EndGlobalSection
	GlobalSection(ExtensibilityGlobals) = postSolution
		SolutionGuid = {F010B8B1-9397-4DF0-BF21-3632BB8003B1}
	EndGlobalSection
EndGlobal
